
Microsoft Visual Studio Solution File, Format Version 12.00
# Visual Studio Version 17
VisualStudioVersion = 17.7.34003.232
MinimumVisualStudioVersion = 10.0.40219.1
Project("{FAE04EC0-301F-11D3-BF4B-00C04F79EFBC}") = "EmployeeReportApp", "EmployeeReportApp\EmployeeReportApp.csproj", "{A189188F-DBC4-4F2D-B8FB-CE46DA08BDE4}"
EndProject
Global
	GlobalSection(SolutionConfigurationPlatforms) = preSolution
		Debug|Any CPU = Debug|Any CPU
		Release|Any CPU = Release|Any CPU
	EndGlobalSection
	GlobalSection(ProjectConfigurationPlatforms) = postSolution
		{A189188F-DBC4-4F2D-B8FB-CE46DA08BDE4}.Debug|Any CPU.ActiveCfg = Debug|Any CPU
		{A189188F-DBC4-4F2D-B8FB-CE46DA08BDE4}.Debug|Any CPU.Build.0 = Debug|Any CPU
		{A189188F-DBC4-4F2D-B8FB-CE46DA08BDE4}.Release|Any CPU.ActiveCfg = Release|Any CPU
		{A189188F-DBC4-4F2D-B8FB-CE46DA08BDE4}.Release|Any CPU.Build.0 = Release|Any CPU
	EndGlobalSection
	GlobalSection(SolutionProperties) = preSolution
		HideSolutionNode = FALSE
	EndGlobalSection
	GlobalSection(ExtensibilityGlobals) = postSolution
		SolutionGuid = {16A7603B-CE0D-4A65-925A-DA396D7A6999}
	EndGlobalSection
EndGlobal
